{
  "name": "code-red",
  "version": "0.0.15",
  "lockfileVersion": 1,
  "requires": true,
  "dependencies": {
    "@babel/code-frame": {
      "version": "7.5.5",
      "resolved": "https://registry.npmjs.org/@babel/code-frame/-/code-frame-7.5.5.tgz",
      "integrity": "sha512-27d4lZoomVyo51VegxI20xZPuSHusqbQag/ztrBC7wegWoQ1nLREPVSKSW8byhTlzTKyNE4ifaTA6lCp7JjpFw==",
      "dev": true,
      "requires": {
        "@babel/highlight": "^7.0.0"
      }
    },
    "@babel/generator": {
      "version": "7.0.0-beta.44",
      "resolved": "https://registry.npmjs.org/@babel/generator/-/generator-7.0.0-beta.44.tgz",
      "integrity": "sha512-5xVb7hlhjGcdkKpMXgicAVgx8syK5VJz193k0i/0sLP6DzE6lRrU1K3B/rFefgdo9LPGMAOOOAWW4jycj07ShQ==",
      "dev": true,
      "requires": {
        "@babel/types": "7.0.0-beta.44",
        "jsesc": "^2.5.1",
        "lodash": "^4.2.0",
        "source-map": "^0.5.0",
        "trim-right": "^1.0.1"
      },
      "dependencies": {
        "source-map": {
          "version": "0.5.7",
          "resolved": "https://registry.npmjs.org/source-map/-/source-map-0.5.7.tgz",
          "integrity": "sha1-igOdLRAh0i0eoUyA2OpGi6LvP8w=",
          "dev": true
        }
      }
    },
    "@babel/helper-function-name": {
      "version": "7.0.0-beta.44",
      "resolved": "https://registry.npmjs.org/@babel/helper-function-name/-/helper-function-name-7.0.0-beta.44.tgz",
      "integrity": "sha512-MHRG2qZMKMFaBavX0LWpfZ2e+hLloT++N7rfM3DYOMUOGCD8cVjqZpwiL8a0bOX3IYcQev1ruciT0gdFFRTxzg==",
      "dev": true,
      "requires": {
        "@babel/helper-get-function-arity": "7.0.0-beta.44",
        "@babel/template": "7.0.0-beta.44",
        "@babel/types": "7.0.0-beta.44"
      }
    },
    "@babel/helper-get-function-arity": {
      "version": "7.0.0-beta.44",
      "resolved": "https://registry.npmjs.org/@babel/helper-get-function-arity/-/helper-get-function-arity-7.0.0-beta.44.tgz",
      "integrity": "sha512-w0YjWVwrM2HwP6/H3sEgrSQdkCaxppqFeJtAnB23pRiJB5E/O9Yp7JAAeWBl+gGEgmBFinnTyOv2RN7rcSmMiw==",
      "dev": true,
      "requires": {
        "@babel/types": "7.0.0-beta.44"
      }
    },
    "@babel/helper-split-export-declaration": {
      "version": "7.0.0-beta.44",
      "resolved": "https://registry.npmjs.org/@babel/helper-split-export-declaration/-/helper-split-export-declaration-7.0.0-beta.44.tgz",
      "integrity": "sha512-aQ7QowtkgKKzPGf0j6u77kBMdUFVBKNHw2p/3HX/POt5/oz8ec5cs0GwlgM8Hz7ui5EwJnzyfRmkNF1Nx1N7aA==",
      "dev": true,
      "requires": {
        "@babel/types": "7.0.0-beta.44"
      }
    },
    "@babel/highlight": {
      "version": "7.5.0",
      "resolved": "https://registry.npmjs.org/@babel/highlight/-/highlight-7.5.0.tgz",
      "integrity": "sha512-7dV4eu9gBxoM0dAnj/BCFDW9LFU0zvTrkq0ugM7pnHEgguOEeOz1so2ZghEdzviYzQEED0r4EAgpsBChKy1TRQ==",
      "dev": true,
      "requires": {
        "chalk": "^2.0.0",
        "esutils": "^2.0.2",
        "js-tokens": "^4.0.0"
      }
    },
    "@babel/template": {
      "version": "7.0.0-beta.44",
      "resolved": "https://registry.npmjs.org/@babel/template/-/template-7.0.0-beta.44.tgz",
      "integrity": "sha512-w750Sloq0UNifLx1rUqwfbnC6uSUk0mfwwgGRfdLiaUzfAOiH0tHJE6ILQIUi3KYkjiCDTskoIsnfqZvWLBDng==",
      "dev": true,
      "requires": {
        "@babel/code-frame": "7.0.0-beta.44",
        "@babel/types": "7.0.0-beta.44",
        "babylon": "7.0.0-beta.44",
        "lodash": "^4.2.0"
      },
      "dependencies": {
        "@babel/code-frame": {
          "version": "7.0.0-beta.44",
          "resolved": "https://registry.npmjs.org/@babel/code-frame/-/code-frame-7.0.0-beta.44.tgz",
          "integrity": "sha512-cuAuTTIQ9RqcFRJ/Y8PvTh+paepNcaGxwQwjIDRWPXmzzyAeCO4KqS9ikMvq0MCbRk6GlYKwfzStrcP3/jSL8g==",
          "dev": true,
          "requires": {
            "@babel/highlight": "7.0.0-beta.44"
          }
        },
        "@babel/highlight": {
          "version": "7.0.0-beta.44",
          "resolved": "https://registry.npmjs.org/@babel/highlight/-/highlight-7.0.0-beta.44.tgz",
          "integrity": "sha512-Il19yJvy7vMFm8AVAh6OZzaFoAd0hbkeMZiX3P5HGD+z7dyI7RzndHB0dg6Urh/VAFfHtpOIzDUSxmY6coyZWQ==",
          "dev": true,
          "requires": {
            "chalk": "^2.0.0",
            "esutils": "^2.0.2",
            "js-tokens": "^3.0.0"
          }
        },
        "js-tokens": {
          "version": "3.0.2",
          "resolved": "https://registry.npmjs.org/js-tokens/-/js-tokens-3.0.2.tgz",
          "integrity": "sha1-mGbfOVECEw449/mWvOtlRDIJwls=",
          "dev": true
        }
      }
    },
    "@babel/traverse": {
      "version": "7.0.0-beta.44",
      "resolved": "https://registry.npmjs.org/@babel/traverse/-/traverse-7.0.0-beta.44.tgz",
      "integrity": "sha512-UHuDz8ukQkJCDASKHf+oDt3FVUzFd+QYfuBIsiNu/4+/ix6pP/C+uQZJ6K1oEfbCMv/IKWbgDEh7fcsnIE5AtA==",
      "dev": true,
      "requires": {
        "@babel/code-frame": "7.0.0-beta.44",
        "@babel/generator": "7.0.0-beta.44",
        "@babel/helper-function-name": "7.0.0-beta.44",
        "@babel/helper-split-export-declaration": "7.0.0-beta.44",
        "@babel/types": "7.0.0-beta.44",
        "babylon": "7.0.0-beta.44",
        "debug": "^3.1.0",
        "globals": "^11.1.0",
        "invariant": "^2.2.0",
        "lodash": "^4.2.0"
      },
      "dependencies": {
        "@babel/code-frame": {
          "version": "7.0.0-beta.44",
          "resolved": "https://registry.npmjs.org/@babel/code-frame/-/code-frame-7.0.0-beta.44.tgz",
          "integrity": "sha512-cuAuTTIQ9RqcFRJ/Y8PvTh+paepNcaGxwQwjIDRWPXmzzyAeCO4KqS9ikMvq0MCbRk6GlYKwfzStrcP3/jSL8g==",
          "dev": true,
          "requires": {
            "@babel/highlight": "7.0.0-beta.44"
          }
        },
        "@babel/highlight": {
          "version": "7.0.0-beta.44",
          "resolved": "https://registry.npmjs.org/@babel/highlight/-/highlight-7.0.0-beta.44.tgz",
          "integrity": "sha512-Il19yJvy7vMFm8AVAh6OZzaFoAd0hbkeMZiX3P5HGD+z7dyI7RzndHB0dg6Urh/VAFfHtpOIzDUSxmY6coyZWQ==",
          "dev": true,
          "requires": {
            "chalk": "^2.0.0",
            "esutils": "^2.0.2",
            "js-tokens": "^3.0.0"
          }
        },
        "js-tokens": {
          "version": "3.0.2",
          "resolved": "https://registry.npmjs.org/js-tokens/-/js-tokens-3.0.2.tgz",
          "integrity": "sha1-mGbfOVECEw449/mWvOtlRDIJwls=",
          "dev": true
        }
      }
    },
    "@babel/types": {
      "version": "7.0.0-beta.44",
      "resolved": "https://registry.npmjs.org/@babel/types/-/types-7.0.0-beta.44.tgz",
      "integrity": "sha512-5eTV4WRmqbaFM3v9gHAIljEQJU4Ssc6fxL61JN+Oe2ga/BwyjzjamwkCVVAQjHGuAX8i0BWo42dshL8eO5KfLQ==",
      "dev": true,
      "requires": {
        "esutils": "^2.0.2",
        "lodash": "^4.2.0",
        "to-fast-properties": "^2.0.0"
      }
    },
    "@types/astring": {
      "version": "1.3.0",
      "resolved": "https://registry.npmjs.org/@types/astring/-/astring-1.3.0.tgz",
      "integrity": "sha512-PYUIKAlUl95QIoWrvTW1aj5YJoiBLukCixTBKkVMq17BbkcX4I6Yn7lkltzsM3fXByV4l2x4tJGYhHqyYnhH4A==",
      "dev": true,
      "requires": {
        "@types/estree": "*",
        "@types/node": "*"
      }
    },
    "@types/estree": {
      "version": "0.0.39",
      "resolved": "https://registry.npmjs.org/@types/estree/-/estree-0.0.39.tgz",
      "integrity": "sha512-EYNwp3bU+98cpU4lAWYYL7Zz+2gryWH1qbdDTidVd6hkiR6weksdbMadyXKXNPEkQFhXM+hVO9ZygomHXp+AIw=="
    },
    "@types/mocha": {
      "version": "5.2.7",
      "resolved": "https://registry.npmjs.org/@types/mocha/-/mocha-5.2.7.tgz",
      "integrity": "sha512-NYrtPht0wGzhwe9+/idPaBB+TqkY9AhTvOLMkThm0IoEfLaiVQZwBwyJ5puCkO3AUCWrmcoePjp2mbFocKy4SQ==",
      "dev": true
    },
    "@types/node": {
      "version": "10.14.18",
      "resolved": "https://registry.npmjs.org/@types/node/-/node-10.14.18.tgz",
      "integrity": "sha512-ryO3Q3++yZC/+b8j8BdKd/dn9JlzlHBPdm80656xwYUdmPkpTGTjkAdt6BByiNupGPE8w0FhBgvYy/fX9hRNGQ==",
      "dev": true
    },
    "acorn": {
      "version": "7.0.0",
      "resolved": "https://registry.npmjs.org/acorn/-/acorn-7.0.0.tgz",
      "integrity": "sha512-PaF/MduxijYYt7unVGRuds1vBC9bFxbNf+VWqhOClfdgy7RlVkQqt610ig1/yxTgsDIfW1cWDel5EBbOy3jdtQ=="
    },
    "ansi-styles": {
      "version": "3.2.1",
      "resolved": "https://registry.npmjs.org/ansi-styles/-/ansi-styles-3.2.1.tgz",
      "integrity": "sha512-VT0ZI6kZRdTh8YyJw3SMbYm/u+NqfsAxEpWO0Pf9sq8/e94WxxOpPKx9FR1FlyCtOVDNOQ+8ntlqFxiRc+r5qA==",
      "dev": true,
      "requires": {
        "color-convert": "^1.9.0"
      }
    },
    "any-promise": {
      "version": "1.3.0",
      "resolved": "https://registry.npmjs.org/any-promise/-/any-promise-1.3.0.tgz",
      "integrity": "sha1-q8av7tzqUugJzcA3au0845Y10X8=",
      "dev": true
    },
    "babel-eslint": {
      "version": "8.2.6",
      "resolved": "https://registry.npmjs.org/babel-eslint/-/babel-eslint-8.2.6.tgz",
      "integrity": "sha512-aCdHjhzcILdP8c9lej7hvXKvQieyRt20SF102SIGyY4cUIiw6UaAtK4j2o3dXX74jEmy0TJ0CEhv4fTIM3SzcA==",
      "dev": true,
      "requires": {
        "@babel/code-frame": "7.0.0-beta.44",
        "@babel/traverse": "7.0.0-beta.44",
        "@babel/types": "7.0.0-beta.44",
        "babylon": "7.0.0-beta.44",
        "eslint-scope": "3.7.1",
        "eslint-visitor-keys": "^1.0.0"
      },
      "dependencies": {
        "@babel/code-frame": {
          "version": "7.0.0-beta.44",
          "resolved": "https://registry.npmjs.org/@babel/code-frame/-/code-frame-7.0.0-beta.44.tgz",
          "integrity": "sha512-cuAuTTIQ9RqcFRJ/Y8PvTh+paepNcaGxwQwjIDRWPXmzzyAeCO4KqS9ikMvq0MCbRk6GlYKwfzStrcP3/jSL8g==",
          "dev": true,
          "requires": {
            "@babel/highlight": "7.0.0-beta.44"
          }
        },
        "@babel/highlight": {
          "version": "7.0.0-beta.44",
          "resolved": "https://registry.npmjs.org/@babel/highlight/-/highlight-7.0.0-beta.44.tgz",
          "integrity": "sha512-Il19yJvy7vMFm8AVAh6OZzaFoAd0hbkeMZiX3P5HGD+z7dyI7RzndHB0dg6Urh/VAFfHtpOIzDUSxmY6coyZWQ==",
          "dev": true,
          "requires": {
            "chalk": "^2.0.0",
            "esutils": "^2.0.2",
            "js-tokens": "^3.0.0"
          }
        },
        "js-tokens": {
          "version": "3.0.2",
          "resolved": "https://registry.npmjs.org/js-tokens/-/js-tokens-3.0.2.tgz",
          "integrity": "sha1-mGbfOVECEw449/mWvOtlRDIJwls=",
          "dev": true
        }
      }
    },
    "babylon": {
      "version": "7.0.0-beta.44",
      "resolved": "https://registry.npmjs.org/babylon/-/babylon-7.0.0-beta.44.tgz",
      "integrity": "sha512-5Hlm13BJVAioCHpImtFqNOF2H3ieTOHd0fmFGMxOJ9jgeFqeAwsv3u5P5cR7CSeFrkgHsT19DgFJkHV0/Mcd8g==",
      "dev": true
    },
    "balanced-match": {
      "version": "1.0.0",
      "resolved": "https://registry.npmjs.org/balanced-match/-/balanced-match-1.0.0.tgz",
      "integrity": "sha1-ibTRmasr7kneFk6gK4nORi1xt2c=",
      "dev": true
    },
    "brace-expansion": {
      "version": "1.1.11",
      "resolved": "https://registry.npmjs.org/brace-expansion/-/brace-expansion-1.1.11.tgz",
      "integrity": "sha512-iCuPHDFgrHX7H2vEI/5xpz07zSHB00TpugqhmYtVmMO6518mCuRMoOYFldEBl0g187ufozdaHgWKcYFb61qGiA==",
      "dev": true,
      "requires": {
        "balanced-match": "^1.0.0",
        "concat-map": "0.0.1"
      }
    },
    "browser-stdout": {
      "version": "1.3.1",
      "resolved": "https://registry.npmjs.org/browser-stdout/-/browser-stdout-1.3.1.tgz",
      "integrity": "sha512-qhAVI1+Av2X7qelOfAIYwXONood6XlZE/fXaBSmW/T5SzLAmCgzi+eiWE7fUvbHaeNBQH13UftjpXxsfLkMpgw==",
      "dev": true
    },
    "chalk": {
      "version": "2.4.2",
      "resolved": "https://registry.npmjs.org/chalk/-/chalk-2.4.2.tgz",
      "integrity": "sha512-Mti+f9lpJNcwF4tWV8/OrTTtF1gZi+f8FqlyAdouralcFWFQWF2+NgCHShjkCb+IFBLq9buZwE1xckQU4peSuQ==",
      "dev": true,
      "requires": {
        "ansi-styles": "^3.2.1",
        "escape-string-regexp": "^1.0.5",
        "supports-color": "^5.3.0"
      }
    },
    "color-convert": {
      "version": "1.9.3",
      "resolved": "https://registry.npmjs.org/color-convert/-/color-convert-1.9.3.tgz",
      "integrity": "sha512-QfAUtd+vFdAtFQcC8CCyYt1fYWxSqAiK2cSD6zDB8N3cpsEBAvRxp9zOGg6G/SHHJYAT88/az/IuDGALsNVbGg==",
      "dev": true,
      "requires": {
        "color-name": "1.1.3"
      }
    },
    "color-name": {
      "version": "1.1.3",
      "resolved": "https://registry.npmjs.org/color-name/-/color-name-1.1.3.tgz",
      "integrity": "sha1-p9BVi9icQveV3UIyj3QIMcpTvCU=",
      "dev": true
    },
    "commander": {
      "version": "2.15.1",
      "resolved": "https://registry.npmjs.org/commander/-/commander-2.15.1.tgz",
      "integrity": "sha512-VlfT9F3V0v+jr4yxPc5gg9s62/fIVWsd2Bk2iD435um1NlGMYdVCq+MjcXnhYq2icNOizHr1kK+5TI6H0Hy0ag==",
      "dev": true
    },
    "concat-map": {
      "version": "0.0.1",
      "resolved": "https://registry.npmjs.org/concat-map/-/concat-map-0.0.1.tgz",
      "integrity": "sha1-2Klr13/Wjfd5OnMDajug1UBdR3s=",
      "dev": true
    },
    "debug": {
      "version": "3.1.0",
      "resolved": "https://registry.npmjs.org/debug/-/debug-3.1.0.tgz",
      "integrity": "sha512-OX8XqP7/1a9cqkxYw2yXss15f26NKWBpDXQd0/uK/KPqdQhxbPa994hnzjcE2VqQpDslf55723cKPUOGSmMY3g==",
      "dev": true,
      "requires": {
        "ms": "2.0.0"
      }
    },
    "deep-is": {
      "version": "0.1.3",
      "resolved": "https://registry.npmjs.org/deep-is/-/deep-is-0.1.3.tgz",
      "integrity": "sha1-s2nW+128E+7PUk+RsHD+7cNXzzQ=",
      "dev": true
    },
    "diff": {
      "version": "3.5.0",
      "resolved": "https://registry.npmjs.org/diff/-/diff-3.5.0.tgz",
      "integrity": "sha512-A46qtFgd+g7pDZinpnwiRJtxbC1hpgf0uzP3iG89scHk0AUC7A1TGxf5OiiOUv/JMZR8GOt8hL900hV0bOy5xA==",
      "dev": true
    },
    "escape-string-regexp": {
      "version": "1.0.5",
      "resolved": "https://registry.npmjs.org/escape-string-regexp/-/escape-string-regexp-1.0.5.tgz",
      "integrity": "sha1-G2HAViGQqN/2rjuyzwIAyhMLhtQ=",
      "dev": true
    },
    "eslint-scope": {
      "version": "3.7.1",
      "resolved": "https://registry.npmjs.org/eslint-scope/-/eslint-scope-3.7.1.tgz",
      "integrity": "sha1-PWPD7f2gLgbgGkUq2IyqzHzctug=",
      "dev": true,
      "requires": {
        "esrecurse": "^4.1.0",
        "estraverse": "^4.1.1"
      }
    },
    "eslint-visitor-keys": {
      "version": "1.1.0",
      "resolved": "https://registry.npmjs.org/eslint-visitor-keys/-/eslint-visitor-keys-1.1.0.tgz",
      "integrity": "sha512-8y9YjtM1JBJU/A9Kc+SbaOV4y29sSWckBwMHa+FGtVj5gN/sbnKDf6xJUl+8g7FAij9LVaP8C24DUiH/f/2Z9A==",
      "dev": true
    },
    "eslump": {
      "version": "2.0.0",
      "resolved": "https://registry.npmjs.org/eslump/-/eslump-2.0.0.tgz",
      "integrity": "sha512-80p4ogK1rh8LWyTIRAeL4BEC1sSP0O/8JYNygSvLQXN0+zhKlTtRsESOsBUU+POHNISTifbefaEJNqpqZQxdKQ==",
      "dev": true,
      "requires": {
        "@babel/code-frame": "^7.0.0",
        "mkdirp": "^0.5.1",
        "optionator": "^0.8.2",
        "random-int": "^1.0.0",
        "random-item": "^1.0.0",
        "shift-codegen": "5.1.0",
        "shift-fuzzer": "^1.0.2",
        "shift-reducer": "^5.0.0"
      }
    },
    "esrecurse": {
      "version": "4.2.1",
      "resolved": "https://registry.npmjs.org/esrecurse/-/esrecurse-4.2.1.tgz",
      "integrity": "sha512-64RBB++fIOAXPw3P9cy89qfMlvZEXZkqqJkjqqXIvzP5ezRZjW+lPWjw35UX/3EhUPFYbg5ER4JYgDw4007/DQ==",
      "dev": true,
      "requires": {
        "estraverse": "^4.1.0"
      }
    },
    "estraverse": {
      "version": "4.3.0",
      "resolved": "https://registry.npmjs.org/estraverse/-/estraverse-4.3.0.tgz",
      "integrity": "sha512-39nnKffWz8xN1BU/2c79n9nB9HDzo0niYUqx6xyqUnyoAnQyyWpOTdZEeiCch8BBu515t4wp9ZmgVfVhn9EBpw==",
      "dev": true
    },
    "estree-walker": {
      "version": "0.8.1",
      "resolved": "https://registry.npmjs.org/estree-walker/-/estree-walker-0.8.1.tgz",
      "integrity": "sha512-H6cJORkqvrNziu0KX2hqOMAlA2CiuAxHeGJXSIoKA/KLv229Dw806J3II6mKTm5xiDX1At1EXCfsOQPB+tMB+g==",
      "dev": true
    },
    "esutils": {
      "version": "2.0.3",
      "resolved": "https://registry.npmjs.org/esutils/-/esutils-2.0.3.tgz",
      "integrity": "sha512-kVscqXk4OCp68SZ0dkgEKVi6/8ij300KBWTJq32P/dYeWTSwK41WyTxalN1eRmA5Z9UU/LX9D7FWSmV9SAYx6g==",
      "dev": true
    },
    "fast-levenshtein": {
      "version": "2.0.6",
      "resolved": "https://registry.npmjs.org/fast-levenshtein/-/fast-levenshtein-2.0.6.tgz",
      "integrity": "sha1-PYpcZog6FqMMqGQ+hR8Zuqd5eRc=",
      "dev": true
    },
    "fs.realpath": {
      "version": "1.0.0",
      "resolved": "https://registry.npmjs.org/fs.realpath/-/fs.realpath-1.0.0.tgz",
      "integrity": "sha1-FQStJSMVjKpA20onh8sBQRmU6k8=",
      "dev": true
    },
    "glob": {
      "version": "7.1.2",
      "resolved": "https://registry.npmjs.org/glob/-/glob-7.1.2.tgz",
      "integrity": "sha512-MJTUg1kjuLeQCJ+ccE4Vpa6kKVXkPYJ2mOCQyUuKLcLQsdrMCpBPUi8qVE6+YuaJkozeA9NusTAw3hLr8Xe5EQ==",
      "dev": true,
      "requires": {
        "fs.realpath": "^1.0.0",
        "inflight": "^1.0.4",
        "inherits": "2",
        "minimatch": "^3.0.4",
        "once": "^1.3.0",
        "path-is-absolute": "^1.0.0"
      }
    },
    "globals": {
      "version": "11.12.0",
      "resolved": "https://registry.npmjs.org/globals/-/globals-11.12.0.tgz",
      "integrity": "sha512-WOBp/EEGUiIsJSp7wcv/y6MO+lV9UoncWqxuFfm8eBwzWNgyfBd6Gz+IeKQ9jCmyhoH99g15M3T+QaVHFjizVA==",
      "dev": true
    },
    "globalyzer": {
      "version": "0.1.4",
      "resolved": "https://registry.npmjs.org/globalyzer/-/globalyzer-0.1.4.tgz",
      "integrity": "sha512-LeguVWaxgHN0MNbWC6YljNMzHkrCny9fzjmEUdnF1kQ7wATFD1RHFRqA1qxaX2tgxGENlcxjOflopBwj3YZiXA==",
      "dev": true
    },
    "globrex": {
      "version": "0.1.2",
      "resolved": "https://registry.npmjs.org/globrex/-/globrex-0.1.2.tgz",
      "integrity": "sha512-uHJgbwAMwNFf5mLst7IWLNg14x1CkeqglJb/K3doi4dw6q2IvAAmM/Y81kevy83wP+Sst+nutFTYOGg3d1lsxg==",
      "dev": true
    },
    "graceful-fs": {
      "version": "4.2.2",
      "resolved": "https://registry.npmjs.org/graceful-fs/-/graceful-fs-4.2.2.tgz",
      "integrity": "sha512-IItsdsea19BoLC7ELy13q1iJFNmd7ofZH5+X/pJr90/nRoPEX0DJo1dHDbgtYWOhJhcCgMDTOw84RZ72q6lB+Q==",
      "dev": true
    },
    "growl": {
      "version": "1.10.5",
      "resolved": "https://registry.npmjs.org/growl/-/growl-1.10.5.tgz",
      "integrity": "sha512-qBr4OuELkhPenW6goKVXiv47US3clb3/IbuWF9KNKEijAy9oeHxU9IgzjvJhHkUzhaj7rOUD7+YGWqUjLp5oSA==",
      "dev": true
    },
    "has-flag": {
      "version": "3.0.0",
      "resolved": "https://registry.npmjs.org/has-flag/-/has-flag-3.0.0.tgz",
      "integrity": "sha1-tdRU3CGZriJWmfNGfloH87lVuv0=",
      "dev": true
    },
    "he": {
      "version": "1.1.1",
      "resolved": "https://registry.npmjs.org/he/-/he-1.1.1.tgz",
      "integrity": "sha1-k0EP0hsAlzUVH4howvJx80J+I/0=",
      "dev": true
    },
    "inflight": {
      "version": "1.0.6",
      "resolved": "https://registry.npmjs.org/inflight/-/inflight-1.0.6.tgz",
      "integrity": "sha1-Sb1jMdfQLQwJvJEKEHW6gWW1bfk=",
      "dev": true,
      "requires": {
        "once": "^1.3.0",
        "wrappy": "1"
      }
    },
    "inherits": {
      "version": "2.0.4",
      "resolved": "https://registry.npmjs.org/inherits/-/inherits-2.0.4.tgz",
      "integrity": "sha512-k/vGaX4/Yla3WzyMCvTQOXYeIHvqOKtnqBduzTHpzpQZzAskKMhZ2K+EnBiSM9zGSoIFeMpXKxa4dYeZIQqewQ==",
      "dev": true
    },
    "invariant": {
      "version": "2.2.4",
      "resolved": "https://registry.npmjs.org/invariant/-/invariant-2.2.4.tgz",
      "integrity": "sha512-phJfQVBuaJM5raOpJjSfkiD6BpbCE4Ns//LaXl6wGYtUBY83nWS6Rf9tXm2e8VaK60JEjYldbPif/A2B1C2gNA==",
      "dev": true,
      "requires": {
        "loose-envify": "^1.0.0"
      }
    },
    "is-reference": {
      "version": "1.1.3",
      "resolved": "https://registry.npmjs.org/is-reference/-/is-reference-1.1.3.tgz",
      "integrity": "sha512-W1iHHv/oyBb2pPxkBxtaewxa1BC58Pn5J0hogyCdefwUIvb6R+TGbAcIa4qPNYLqLhb3EnOgUf2MQkkF76BcKw==",
      "requires": {
        "@types/estree": "0.0.39"
      }
    },
    "js-tokens": {
      "version": "4.0.0",
      "resolved": "https://registry.npmjs.org/js-tokens/-/js-tokens-4.0.0.tgz",
      "integrity": "sha512-RdJUflcE3cUzKiMqQgsCu06FPu9UdIJO0beYbPhHN4k6apgJtifcoCtT9bcxOpYBtpD2kCM6Sbzg4CausW/PKQ==",
      "dev": true
    },
    "jsesc": {
      "version": "2.5.2",
      "resolved": "https://registry.npmjs.org/jsesc/-/jsesc-2.5.2.tgz",
      "integrity": "sha512-OYu7XEzjkCQ3C5Ps3QIZsQfNpqoJyZZA99wd9aWd05NCtC5pWOkShK2mkL6HXQR6/Cy2lbNdPlZBpuQHXE63gA==",
      "dev": true
    },
    "levn": {
      "version": "0.3.0",
      "resolved": "https://registry.npmjs.org/levn/-/levn-0.3.0.tgz",
      "integrity": "sha1-OwmSTt+fCDwEkP3UwLxEIeBHZO4=",
      "dev": true,
      "requires": {
        "prelude-ls": "~1.1.2",
        "type-check": "~0.3.2"
      }
    },
    "lines-and-columns": {
      "version": "1.1.6",
      "resolved": "https://registry.npmjs.org/lines-and-columns/-/lines-and-columns-1.1.6.tgz",
      "integrity": "sha1-HADHQ7QzzQpOgHWPe2SldEDZ/wA=",
      "dev": true
    },
    "lodash": {
      "version": "4.17.15",
      "resolved": "https://registry.npmjs.org/lodash/-/lodash-4.17.15.tgz",
      "integrity": "sha512-8xOcRHvCjnocdS5cpwXQXVzmmh5e5+saE2QGoeQmbKmRS6J3VQppPOIt0MnmE+4xlZoumy0GPG0D0MVIQbNA1A==",
      "dev": true
    },
    "loose-envify": {
      "version": "1.4.0",
      "resolved": "https://registry.npmjs.org/loose-envify/-/loose-envify-1.4.0.tgz",
      "integrity": "sha512-lyuxPGr/Wfhrlem2CL/UcnUc1zcqKAImBDzukY7Y5F/yQiNdko6+fRLevlw1HgMySw7f611UIY408EtxRSoK3Q==",
      "dev": true,
      "requires": {
        "js-tokens": "^3.0.0 || ^4.0.0"
      }
    },
    "minimatch": {
      "version": "3.0.4",
      "resolved": "https://registry.npmjs.org/minimatch/-/minimatch-3.0.4.tgz",
      "integrity": "sha512-yJHVQEhyqPLUTgt9B83PXu6W3rx4MvvHvSUvToogpwoGDOUQ+yDrR0HRot+yOCdCO7u4hX3pWft6kWBBcqh0UA==",
      "dev": true,
      "requires": {
        "brace-expansion": "^1.1.7"
      }
    },
    "minimist": {
      "version": "0.0.8",
      "resolved": "https://registry.npmjs.org/minimist/-/minimist-0.0.8.tgz",
      "integrity": "sha1-hX/Kv8M5fSYluCKCYuhqp6ARsF0=",
      "dev": true
    },
    "mkdirp": {
      "version": "0.5.1",
      "resolved": "https://registry.npmjs.org/mkdirp/-/mkdirp-0.5.1.tgz",
      "integrity": "sha1-MAV0OOrGz3+MR2fzhkjWaX11yQM=",
      "dev": true,
      "requires": {
        "minimist": "0.0.8"
      }
    },
    "mocha": {
      "version": "5.2.0",
      "resolved": "https://registry.npmjs.org/mocha/-/mocha-5.2.0.tgz",
      "integrity": "sha512-2IUgKDhc3J7Uug+FxMXuqIyYzH7gJjXECKe/w43IGgQHTSj3InJi+yAA7T24L9bQMRKiUEHxEX37G5JpVUGLcQ==",
      "dev": true,
      "requires": {
        "browser-stdout": "1.3.1",
        "commander": "2.15.1",
        "debug": "3.1.0",
        "diff": "3.5.0",
        "escape-string-regexp": "1.0.5",
        "glob": "7.1.2",
        "growl": "1.10.5",
        "he": "1.1.1",
        "minimatch": "3.0.4",
        "mkdirp": "0.5.1",
        "supports-color": "5.4.0"
      }
    },
    "ms": {
      "version": "2.0.0",
      "resolved": "https://registry.npmjs.org/ms/-/ms-2.0.0.tgz",
      "integrity": "sha1-VgiurfwAvmwpAd9fmGF4jeDVl8g=",
      "dev": true
    },
    "mz": {
      "version": "2.7.0",
      "resolved": "https://registry.npmjs.org/mz/-/mz-2.7.0.tgz",
      "integrity": "sha512-z81GNO7nnYMEhrGh9LeymoE4+Yr0Wn5McHIZMK5cfQCl+NDX08sCZgUc9/6MHni9IWuFLm1Z3HTCXu2z9fN62Q==",
      "dev": true,
      "requires": {
        "any-promise": "^1.0.0",
        "object-assign": "^4.0.1",
        "thenify-all": "^1.0.0"
      }
    },
    "node-modules-regexp": {
      "version": "1.0.0",
      "resolved": "https://registry.npmjs.org/node-modules-regexp/-/node-modules-regexp-1.0.0.tgz",
      "integrity": "sha1-jZ2+KJZKSsVxLpExZCEHxx6Q7EA=",
      "dev": true
    },
    "object-assign": {
      "version": "4.1.1",
      "resolved": "https://registry.npmjs.org/object-assign/-/object-assign-4.1.1.tgz",
      "integrity": "sha1-IQmtx5ZYh8/AXLvUQsrIv7s2CGM=",
      "dev": true
    },
    "once": {
      "version": "1.4.0",
      "resolved": "https://registry.npmjs.org/once/-/once-1.4.0.tgz",
      "integrity": "sha1-WDsap3WWHUsROsF9nFC6753Xa9E=",
      "dev": true,
      "requires": {
        "wrappy": "1"
      }
    },
    "optionator": {
      "version": "0.8.2",
      "resolved": "https://registry.npmjs.org/optionator/-/optionator-0.8.2.tgz",
      "integrity": "sha1-NkxeQJ0/TWMB1sC0wFu6UBgK62Q=",
      "dev": true,
      "requires": {
        "deep-is": "~0.1.3",
        "fast-levenshtein": "~2.0.4",
        "levn": "~0.3.0",
        "prelude-ls": "~1.1.2",
        "type-check": "~0.3.2",
        "wordwrap": "~1.0.0"
      }
    },
    "path-is-absolute": {
      "version": "1.0.1",
      "resolved": "https://registry.npmjs.org/path-is-absolute/-/path-is-absolute-1.0.1.tgz",
      "integrity": "sha1-F0uSaHNVNP+8es5r9TpanhtcX18=",
      "dev": true
    },
    "periscopic": {
      "version": "1.0.1",
      "resolved": "https://registry.npmjs.org/periscopic/-/periscopic-1.0.1.tgz",
      "integrity": "sha512-JcSQ6sufVNGT04lPr2f2qGuJ2FCkZcbWBw0gQ8mzSVf9+6bEX9ea6l48+PdAekjJIHlEwSrqJND1TR2cC1FbtQ==",
      "requires": {
        "is-reference": "^1.1.4"
      },
      "dependencies": {
        "is-reference": {
          "version": "1.1.4",
          "resolved": "https://registry.npmjs.org/is-reference/-/is-reference-1.1.4.tgz",
          "integrity": "sha512-uJA/CDPO3Tao3GTrxYn6AwkM4nUPJiGGYu5+cB8qbC7WGFlrKZbiRo7SFKxUAEpFUfiHofWCXBUNhvYJMh+6zw==",
          "requires": {
            "@types/estree": "0.0.39"
          }
        }
      }
    },
    "pirates": {
      "version": "4.0.1",
      "resolved": "https://registry.npmjs.org/pirates/-/pirates-4.0.1.tgz",
      "integrity": "sha512-WuNqLTbMI3tmfef2TKxlQmAiLHKtFhlsCZnPIpuv2Ow0RDVO8lfy1Opf4NUzlMXLjPl+Men7AuVdX6TA+s+uGA==",
      "dev": true,
      "requires": {
        "node-modules-regexp": "^1.0.0"
      }
    },
    "prelude-ls": {
      "version": "1.1.2",
      "resolved": "https://registry.npmjs.org/prelude-ls/-/prelude-ls-1.1.2.tgz",
      "integrity": "sha1-IZMqVJ9eUv/ZqCf1cOBL5iqX2lQ=",
      "dev": true
    },
    "random-int": {
      "version": "1.0.0",
      "resolved": "https://registry.npmjs.org/random-int/-/random-int-1.0.0.tgz",
      "integrity": "sha1-5qLtNEisnGZGoGV0Q7HBUhWS7Qg=",
      "dev": true
    },
    "random-item": {
      "version": "1.0.0",
      "resolved": "https://registry.npmjs.org/random-item/-/random-item-1.0.0.tgz",
      "integrity": "sha1-Fu4xYmywUMihaGpfD0KmuZoqrxE=",
      "dev": true
    },
    "rimraf": {
      "version": "2.7.1",
      "resolved": "https://registry.npmjs.org/rimraf/-/rimraf-2.7.1.tgz",
      "integrity": "sha512-uWjbaKIK3T1OSVptzX7Nl6PvQ3qAGtKEtVRjRuazjfL3Bx5eI409VZSqgND+4UNnmzLVdPj9FqFJNPqBZFve4w==",
      "dev": true,
      "requires": {
        "glob": "^7.1.3"
      },
      "dependencies": {
        "glob": {
          "version": "7.1.4",
          "resolved": "https://registry.npmjs.org/glob/-/glob-7.1.4.tgz",
          "integrity": "sha512-hkLPepehmnKk41pUGm3sYxoFs/umurYfYJCerbXEyFIWcAzvpipAgVkBqqT9RBKMGjnq6kMuyYwha6csxbiM1A==",
          "dev": true,
          "requires": {
            "fs.realpath": "^1.0.0",
            "inflight": "^1.0.4",
            "inherits": "2",
            "minimatch": "^3.0.4",
            "once": "^1.3.0",
            "path-is-absolute": "^1.0.0"
          }
        }
      }
    },
    "rollup": {
      "version": "0.65.2",
      "resolved": "https://registry.npmjs.org/rollup/-/rollup-0.65.2.tgz",
      "integrity": "sha512-BbXOrpxVbx0MpElI6vVLR2B6vnWHvYU/QAMw3GcEXvs601bvgrozuaW30cnvt43B96a6DeoYA0i9T5THanN+Rw==",
      "dev": true,
      "requires": {
        "@types/estree": "0.0.39",
        "@types/node": "*"
      }
    },
    "rollup-plugin-sucrase": {
      "version": "2.1.0",
      "resolved": "https://registry.npmjs.org/rollup-plugin-sucrase/-/rollup-plugin-sucrase-2.1.0.tgz",
      "integrity": "sha512-chdA3OruR1FH/IIKrzZCpGKLXAx3DOHoK24RIPtlVccK0wbTpHE0HpGEQYCxte1XaB17NgRe/frFyKR7g45qxQ==",
      "dev": true,
      "requires": {
        "rollup-pluginutils": "^2.3.0",
        "sucrase": "3.x"
      }
    },
    "rollup-pluginutils": {
      "version": "2.8.2",
      "resolved": "https://registry.npmjs.org/rollup-pluginutils/-/rollup-pluginutils-2.8.2.tgz",
      "integrity": "sha512-EEp9NhnUkwY8aif6bxgovPHMoMoNr2FulJziTndpt5H9RdwC47GSGuII9XxpSdzVGM0GWrNPHV6ie1LTNJPaLQ==",
      "dev": true,
      "requires": {
        "estree-walker": "^0.6.1"
      },
      "dependencies": {
        "estree-walker": {
          "version": "0.6.1",
          "resolved": "https://registry.npmjs.org/estree-walker/-/estree-walker-0.6.1.tgz",
          "integrity": "sha512-SqmZANLWS0mnatqbSfRP5g8OXZC12Fgg1IwNtLsyHDzJizORW4khDfjPqJZsemPWBB2uqykUah5YpQ6epsqC/w==",
          "dev": true
        }
      }
    },
    "sander": {
      "version": "0.6.0",
      "resolved": "https://registry.npmjs.org/sander/-/sander-0.6.0.tgz",
      "integrity": "sha1-rxYkzX+2362Y6+9WUxn5IAeNqSU=",
      "dev": true,
      "requires": {
        "graceful-fs": "^4.1.3",
        "mkdirp": "^0.5.1",
        "rimraf": "^2.5.2"
      }
    },
    "shift-ast": {
      "version": "4.0.0",
      "resolved": "https://registry.npmjs.org/shift-ast/-/shift-ast-4.0.0.tgz",
      "integrity": "sha1-HUFSoq3ShkSlKusuDIfYkl09l/8=",
      "dev": true
    },
    "shift-codegen": {
      "version": "5.1.0",
      "resolved": "https://registry.npmjs.org/shift-codegen/-/shift-codegen-5.1.0.tgz",
      "integrity": "sha512-OpRpMYukx4uNyZl+4j192qlghA+orUuXQwCxGB4C7XWVCeFOoz9MVCAQ9XNMQqeZKHE9YNoMpBA/kzrVUFpqcQ==",
      "dev": true,
      "requires": {
        "babel-eslint": "^8.2.2",
        "esutils": "^2.0.2",
        "object-assign": "^4.1.0",
        "shift-reducer": "^4.3.0"
      },
      "dependencies": {
        "shift-reducer": {
          "version": "4.4.1",
          "resolved": "https://registry.npmjs.org/shift-reducer/-/shift-reducer-4.4.1.tgz",
          "integrity": "sha512-IJmk9grLnuO8vLSG5e52wFXaDLXJmVMGPXKQljhh/Pwb1mQL8OgCr6c4OYyIa3OInTH9rBtms3SwDFWsJzVEnA==",
          "dev": true,
          "requires": {
            "shift-ast": "^4.0.0"
          }
        }
      }
    },
    "shift-fuzzer": {
      "version": "1.0.2",
      "resolved": "https://registry.npmjs.org/shift-fuzzer/-/shift-fuzzer-1.0.2.tgz",
      "integrity": "sha1-g7uuFHv2Aiqupyc+LiviJamZVys=",
      "dev": true,
      "requires": {
        "shift-ast": "^4.0.0"
      }
    },
    "shift-reducer": {
      "version": "5.0.0",
      "resolved": "https://registry.npmjs.org/shift-reducer/-/shift-reducer-5.0.0.tgz",
      "integrity": "sha512-Jgr6kPMZuzsQ63NdeLJT6BZvtJ6IDbYFBVqiid1bZlwxeJYq81Cj2Wc4UUERjO4Q9tz5U4KpWaZhitjcBvfiYA==",
      "dev": true,
      "requires": {
        "shift-ast": "5.0.0"
      },
      "dependencies": {
        "shift-ast": {
          "version": "5.0.0",
          "resolved": "https://registry.npmjs.org/shift-ast/-/shift-ast-5.0.0.tgz",
          "integrity": "sha512-kMhr/GwgrQ1U2kaa50sD5YxNDQEZHAZigVwrf/NNeezb6oiYnpPMV8v1WVRhCW8sjI7xUdzuPujSQ3gA2IuUAQ==",
          "dev": true
        }
      }
    },
    "sourcemap-codec": {
      "version": "1.4.6",
      "resolved": "https://registry.npmjs.org/sourcemap-codec/-/sourcemap-codec-1.4.6.tgz",
      "integrity": "sha512-1ZooVLYFxC448piVLBbtOxFcXwnymH9oUF8nRd3CuYDVvkRBxRl6pB4Mtas5a4drtL+E8LDgFkQNcgIw6tc8Hg=="
    },
    "sucrase": {
      "version": "3.10.1",
      "resolved": "https://registry.npmjs.org/sucrase/-/sucrase-3.10.1.tgz",
      "integrity": "sha512-nMOs6rFWwkYRxcKHHDjyQmC5CmLbHN2LwRyWF1n2i0kb/pq0xcB9M19TdY5Ivfcj1BsWfs+az9Ga5B0tFdE5ww==",
      "dev": true,
      "requires": {
        "commander": "^2.19.0",
        "lines-and-columns": "^1.1.6",
        "mz": "^2.7.0",
        "pirates": "^4.0.0"
      },
      "dependencies": {
        "commander": {
          "version": "2.20.0",
          "resolved": "https://registry.npmjs.org/commander/-/commander-2.20.0.tgz",
          "integrity": "sha512-7j2y+40w61zy6YC2iRNpUe/NwhNyoXrYpHMrSunaMG64nRnaf96zO/KMQR4OyN/UnE5KLyEBnKHd4aG3rskjpQ==",
          "dev": true
        }
      }
    },
    "supports-color": {
      "version": "5.4.0",
      "resolved": "https://registry.npmjs.org/supports-color/-/supports-color-5.4.0.tgz",
      "integrity": "sha512-zjaXglF5nnWpsq470jSv6P9DwPvgLkuapYmfDm3JWOm0vkNTVF2tI4UrN2r6jH1qM/uc/WtxYY1hYoA2dOKj5w==",
      "dev": true,
      "requires": {
        "has-flag": "^3.0.0"
      }
    },
    "thenify": {
      "version": "3.3.0",
      "resolved": "https://registry.npmjs.org/thenify/-/thenify-3.3.0.tgz",
      "integrity": "sha1-5p44obq+lpsBCCB5eLn2K4hgSDk=",
      "dev": true,
      "requires": {
        "any-promise": "^1.0.0"
      }
    },
    "thenify-all": {
      "version": "1.6.0",
      "resolved": "https://registry.npmjs.org/thenify-all/-/thenify-all-1.6.0.tgz",
      "integrity": "sha1-GhkY1ALY/D+Y+/I02wvMjMEOlyY=",
      "dev": true,
      "requires": {
        "thenify": ">= 3.1.0 < 4"
      }
    },
    "tiny-glob": {
      "version": "0.2.6",
      "resolved": "https://registry.npmjs.org/tiny-glob/-/tiny-glob-0.2.6.tgz",
      "integrity": "sha512-A7ewMqPu1B5PWwC3m7KVgAu96Ch5LA0w4SnEN/LbDREj/gAD0nPWboRbn8YoP9ISZXqeNAlMvKSKoEuhcfK3Pw==",
      "dev": true,
      "requires": {
        "globalyzer": "^0.1.0",
        "globrex": "^0.1.1"
      }
    },
    "to-fast-properties": {
      "version": "2.0.0",
      "resolved": "https://registry.npmjs.org/to-fast-properties/-/to-fast-properties-2.0.0.tgz",
      "integrity": "sha1-3F5pjL0HkmW8c+A3doGk5Og/YW4=",
      "dev": true
    },
    "trim-right": {
      "version": "1.0.1",
      "resolved": "https://registry.npmjs.org/trim-right/-/trim-right-1.0.1.tgz",
      "integrity": "sha1-yy4SAwZ+DI3h9hQJS5/kVwTqYAM=",
      "dev": true
    },
    "type-check": {
      "version": "0.3.2",
      "resolved": "https://registry.npmjs.org/type-check/-/type-check-0.3.2.tgz",
      "integrity": "sha1-WITKtRLPHTVeP7eE8wgEsrUg23I=",
      "dev": true,
      "requires": {
        "prelude-ls": "~1.1.2"
      }
    },
    "typescript": {
      "version": "3.6.3",
      "resolved": "https://registry.npmjs.org/typescript/-/typescript-3.6.3.tgz",
      "integrity": "sha512-N7bceJL1CtRQ2RiG0AQME13ksR7DiuQh/QehubYcghzv20tnh+MQnQIuJddTmsbqYj+dztchykemz0zFzlvdQw==",
      "dev": true
    },
    "wordwrap": {
      "version": "1.0.0",
      "resolved": "https://registry.npmjs.org/wordwrap/-/wordwrap-1.0.0.tgz",
      "integrity": "sha1-J1hIEIkUVqQXHI0CJkQa3pDLyus=",
      "dev": true
    },
    "wrappy": {
      "version": "1.0.2",
      "resolved": "https://registry.npmjs.org/wrappy/-/wrappy-1.0.2.tgz",
      "integrity": "sha1-tSQ9jz7BqjXxNkYFvA0QNuMKtp8=",
      "dev": true
    }
  }
}
